// !$*UTF8*$!
{
	archiveVersion = 1;
	classes = {
	};
	objectVersion = 55;
	objects = {

/* Begin PBXBuildFile section */
		7C6850E1277170020050C3F1 /* AppDelegate.swift in Sources */ = {isa = PBXBuildFile; fileRef = 7C6850E0277170020050C3F1 /* AppDelegate.swift */; };
		7C6850E3277170020050C3F1 /* SceneDelegate.swift in Sources */ = {isa = PBXBuildFile; fileRef = 7C6850E2277170020050C3F1 /* SceneDelegate.swift */; };
		7C6850E8277170030050C3F1 /* Main.storyboard in Resources */ = {isa = PBXBuildFile; fileRef = 7C6850E6277170030050C3F1 /* Main.storyboard */; };
		7C6850EA277170100050C3F1 /* Assets.xcassets in Resources */ = {isa = PBXBuildFile; fileRef = 7C6850E9277170100050C3F1 /* Assets.xcassets */; };
		7C6850ED277170100050C3F1 /* LaunchScreen.storyboard in Resources */ = {isa = PBXBuildFile; fileRef = 7C6850EB277170100050C3F1 /* LaunchScreen.storyboard */; };
		7C6850F5277171D90050C3F1 /* VideoCapture.swift in Sources */ = {isa = PBXBuildFile; fileRef = 7C6850F4277171D90050C3F1 /* VideoCapture.swift */; };
		7C6850F7277175EE0050C3F1 /* AlbumTableViewController.swift in Sources */ = {isa = PBXBuildFile; fileRef = 7C6850F6277175EE0050C3F1 /* AlbumTableViewController.swift */; };
		7C6850F92771786E0050C3F1 /* AlbumTableViewCell.swift in Sources */ = {isa = PBXBuildFile; fileRef = 7C6850F82771786E0050C3F1 /* AlbumTableViewCell.swift */; };
		7C6850FB2771810C0050C3F1 /* PhotoTableViewController.swift in Sources */ = {isa = PBXBuildFile; fileRef = 7C6850FA2771810C0050C3F1 /* PhotoTableViewController.swift */; };
		7C6850FD277181300050C3F1 /* PhotoTableViewCell.swift in Sources */ = {isa = PBXBuildFile; fileRef = 7C6850FC277181300050C3F1 /* PhotoTableViewCell.swift */; };
		7C6850FF2771A6AA0050C3F1 /* ChooseViewController.swift in Sources */ = {isa = PBXBuildFile; fileRef = 7C6850FE2771A6AA0050C3F1 /* ChooseViewController.swift */; };
		7C6851012771B0380050C3F1 /* snacks.mlmodel in Sources */ = {isa = PBXBuildFile; fileRef = 7C6851002771B0380050C3F1 /* snacks.mlmodel */; };
		7C6851032771D7DE0050C3F1 /* PhotoViewController.swift in Sources */ = {isa = PBXBuildFile; fileRef = 7C6851022771D7DE0050C3F1 /* PhotoViewController.swift */; };
		7C6851052771E4AF0050C3F1 /* CGImagePropertyOrientation.swift in Sources */ = {isa = PBXBuildFile; fileRef = 7C6851042771E4AF0050C3F1 /* CGImagePropertyOrientation.swift */; };
/* End PBXBuildFile section */

/* Begin PBXFileReference section */
		7C6850DD277170020050C3F1 /* Album.app */ = {isa = PBXFileReference; explicitFileType = wrapper.application; includeInIndex = 0; path = Album.app; sourceTree = BUILT_PRODUCTS_DIR; };
		7C6850E0277170020050C3F1 /* AppDelegate.swift */ = {isa = PBXFileReference; lastKnownFileType = sourcecode.swift; path = AppDelegate.swift; sourceTree = "<group>"; };
		7C6850E2277170020050C3F1 /* SceneDelegate.swift */ = {isa = PBXFileReference; lastKnownFileType = sourcecode.swift; path = SceneDelegate.swift; sourceTree = "<group>"; };
		7C6850E7277170030050C3F1 /* Base */ = {isa = PBXFileReference; lastKnownFileType = file.storyboard; name = Base; path = Base.lproj/Main.storyboard; sourceTree = "<group>"; };
		7C6850E9277170100050C3F1 /* Assets.xcassets */ = {isa = PBXFileReference; lastKnownFileType = folder.assetcatalog; path = Assets.xcassets; sourceTree = "<group>"; };
		7C6850EC277170100050C3F1 /* Base */ = {isa = PBXFileReference; lastKnownFileType = file.storyboard; name = Base; path = Base.lproj/LaunchScreen.storyboard; sourceTree = "<group>"; };
		7C6850EE277170100050C3F1 /* Info.plist */ = {isa = PBXFileReference; lastKnownFileType = text.plist.xml; path = Info.plist; sourceTree = "<group>"; };
		7C6850F4277171D90050C3F1 /* VideoCapture.swift */ = {isa = PBXFileReference; lastKnownFileType = sourcecode.swift; path = VideoCapture.swift; sourceTree = "<group>"; };
		7C6850F6277175EE0050C3F1 /* AlbumTableViewController.swift */ = {isa = PBXFileReference; lastKnownFileType = sourcecode.swift; path = AlbumTableViewController.swift; sourceTree = "<group>"; };
		7C6850F82771786E0050C3F1 /* AlbumTableViewCell.swift */ = {isa = PBXFileReference; lastKnownFileType = sourcecode.swift; path = AlbumTableViewCell.swift; sourceTree = "<group>"; };
		7C6850FA2771810C0050C3F1 /* PhotoTableViewController.swift */ = {isa = PBXFileReference; lastKnownFileType = sourcecode.swift; path = PhotoTableViewController.swift; sourceTree = "<group>"; };
		7C6850FC277181300050C3F1 /* PhotoTableViewCell.swift */ = {isa = PBXFileReference; lastKnownFileType = sourcecode.swift; path = PhotoTableViewCell.swift; sourceTree = "<group>"; };
		7C6850FE2771A6AA0050C3F1 /* ChooseViewController.swift */ = {isa = PBXFileReference; lastKnownFileType = sourcecode.swift; path = ChooseViewController.swift; sourceTree = "<group>"; };
		7C6851002771B0380050C3F1 /* snacks.mlmodel */ = {isa = PBXFileReference; lastKnownFileType = file.mlmodel; name = snacks.mlmodel; path = "../onedayhackathon-CFClBrI/snacks.mlmodel"; sourceTree = "<group>"; };
		7C6851022771D7DE0050C3F1 /* PhotoViewController.swift */ = {isa = PBXFileReference; lastKnownFileType = sourcecode.swift; path = PhotoViewController.swift; sourceTree = "<group>"; };
		7C6851042771E4AF0050C3F1 /* CGImagePropertyOrientation.swift */ = {isa = PBXFileReference; fileEncoding = 4; lastKnownFileType = sourcecode.swift; path = CGImagePropertyOrientation.swift; sourceTree = "<group>"; };
/* End PBXFileReference section */

/* Begin PBXFrameworksBuildPhase section */
		7C6850DA277170020050C3F1 /* Frameworks */ = {
			isa = PBXFrameworksBuildPhase;
			buildActionMask = 2147483647;
			files = (
			);
			runOnlyForDeploymentPostprocessing = 0;
		};
/* End PBXFrameworksBuildPhase section */

/* Begin PBXGroup section */
		7C6850D4277170010050C3F1 = {
			isa = PBXGroup;
			children = (
				7C6851002771B0380050C3F1 /* snacks.mlmodel */,
				7C6850DF277170020050C3F1 /* Album */,
				7C6850DE277170020050C3F1 /* Products */,
			);
			sourceTree = "<group>";
		};
		7C6850DE277170020050C3F1 /* Products */ = {
			isa = PBXGroup;
			children = (
				7C6850DD277170020050C3F1 /* Album.app */,
			);
			name = Products;
			sourceTree = "<group>";
		};
		7C6850DF277170020050C3F1 /* Album */ = {
			isa = PBXGroup;
			children = (
				7C6850E0277170020050C3F1 /* AppDelegate.swift */,
				7C6850F4277171D90050C3F1 /* VideoCapture.swift */,
				7C6850E2277170020050C3F1 /* SceneDelegate.swift */,
				7C6850E6277170030050C3F1 /* Main.storyboard */,
				7C6851022771D7DE0050C3F1 /* PhotoViewController.swift */,
				7C6850FE2771A6AA0050C3F1 /* ChooseViewController.swift */,
				7C6851042771E4AF0050C3F1 /* CGImagePropertyOrientation.swift */,
				7C6850FA2771810C0050C3F1 /* PhotoTableViewController.swift */,
				7C6850FC277181300050C3F1 /* PhotoTableViewCell.swift */,
				7C6850F82771786E0050C3F1 /* AlbumTableViewCell.swift */,
				7C6850F6277175EE0050C3F1 /* AlbumTableViewController.swift */,
				7C6850E9277170100050C3F1 /* Assets.xcassets */,
				7C6850EB277170100050C3F1 /* LaunchScreen.storyboard */,
				7C6850EE277170100050C3F1 /* Info.plist */,
			);
			path = Album;
			sourceTree = "<group>";
		};
/* End PBXGroup section */

/* Begin PBXNativeTarget section */
		7C6850DC277170020050C3F1 /* Album */ = {
			isa = PBXNativeTarget;
			buildConfigurationList = 7C6850F1277170100050C3F1 /* Build configuration list for PBXNativeTarget "Album" */;
			buildPhases = (
				7C6850D9277170020050C3F1 /* Sources */,
				7C6850DA277170020050C3F1 /* Frameworks */,
				7C6850DB277170020050C3F1 /* Resources */,
			);
			buildRules = (
			);
			dependencies = (
			);
			name = Album;
			productName = Album;
			productReference = 7C6850DD277170020050C3F1 /* Album.app */;
			productType = "com.apple.product-type.application";
		};
/* End PBXNativeTarget section */

/* Begin PBXProject section */
		7C6850D5277170010050C3F1 /* Project object */ = {
			isa = PBXProject;
			attributes = {
				BuildIndependentTargetsInParallel = 1;
				LastSwiftUpdateCheck = 1300;
				LastUpgradeCheck = 1300;
				TargetAttributes = {
					7C6850DC277170020050C3F1 = {
						CreatedOnToolsVersion = 13.0;
					};
				};
			};
			buildConfigurationList = 7C6850D8277170010050C3F1 /* Build configuration list for PBXProject "Album" */;
			compatibilityVersion = "Xcode 13.0";
			developmentRegion = en;
			hasScannedForEncodings = 0;
			knownRegions = (
				en,
				Base,
			);
			mainGroup = 7C6850D4277170010050C3F1;
			productRefGroup = 7C6850DE277170020050C3F1 /* Products */;
			projectDirPath = "";
			projectRoot = "";
			targets = (
				7C6850DC277170020050C3F1 /* Album */,
			);
		};
/* End PBXProject section */

/* Begin PBXResourcesBuildPhase section */
		7C6850DB277170020050C3F1 /* Resources */ = {
			isa = PBXResourcesBuildPhase;
			buildActionMask = 2147483647;
			files = (
				7C6850ED277170100050C3F1 /* LaunchScreen.storyboard in Resources */,
				7C6850EA277170100050C3F1 /* Assets.xcassets in Resources */,
				7C6850E8277170030050C3F1 /* Main.storyboard in Resources */,
			);
			runOnlyForDeploymentPostprocessing = 0;
		};
/* End PBXResourcesBuildPhase section */

/* Begin PBXSourcesBuildPhase section */
		7C6850D9277170020050C3F1 /* Sources */ = {
			isa = PBXSourcesBuildPhase;
			buildActionMask = 2147483647;
			files = (
				7C6850FD277181300050C3F1 /* PhotoTableViewCell.swift in Sources */,
				7C6850F92771786E0050C3F1 /* AlbumTableViewCell.swift in Sources */,
				7C6850F5277171D90050C3F1 /* VideoCapture.swift in Sources */,
				7C6851052771E4AF0050C3F1 /* CGImagePropertyOrientation.swift in Sources */,
				7C6850F7277175EE0050C3F1 /* AlbumTableViewController.swift in Sources */,
				7C6850E1277170020050C3F1 /* AppDelegate.swift in Sources */,
				7C6850FF2771A6AA0050C3F1 /* ChooseViewController.swift in Sources */,
				7C6851012771B0380050C3F1 /* snacks.mlmodel in Sources */,
				7C6850FB2771810C0050C3F1 /* PhotoTableViewController.swift in Sources */,
				7C6850E3277170020050C3F1 /* SceneDelegate.swift in Sources */,
				7C6851032771D7DE0050C3F1 /* PhotoViewController.swift in Sources */,
			);
			runOnlyForDeploymentPostprocessing = 0;
		};
/* End PBXSourcesBuildPhase section */

/* Begin PBXVariantGroup section */
		7C6850E6277170030050C3F1 /* Main.storyboard */ = {
			isa = PBXVariantGroup;
			children = (
				7C6850E7277170030050C3F1 /* Base */,
			);
			name = Main.storyboard;
			sourceTree = "<group>";
		};
		7C6850EB277170100050C3F1 /* LaunchScreen.storyboard */ = {
			isa = PBXVariantGroup;
			children = (
				7C6850EC277170100050C3F1 /* Base */,
			);
			name = LaunchScreen.storyboard;
			sourceTree = "<group>";
		};
/* End PBXVariantGroup section */

/* Begin XCBuildConfiguration section */
		7C6850EF277170100050C3F1 /* Debug */ = {
			isa = XCBuildConfiguration;
			buildSettings = {
				ALWAYS_SEARCH_USER_PATHS = NO;
				CLANG_ANALYZER_NONNULL = YES;
				CLANG_ANALYZER_NUMBER_OBJECT_CONVERSION = YES_AGGRESSIVE;
				CLANG_CXX_LANGUAGE_STANDARD = "gnu++17";
				CLANG_CXX_LIBRARY = "libc++";
				CLANG_ENABLE_MODULES = YES;
				CLANG_ENABLE_OBJC_ARC = YES;
				CLANG_ENABLE_OBJC_WEAK = YES;
				CLANG_WARN_BLOCK_CAPTURE_AUTORELEASING = YES;
				CLANG_WARN_BOOL_CONVERSION = YES;
				CLANG_WARN_COMMA = YES;
				CLANG_WARN_CONSTANT_CONVERSION = YES;
				CLANG_WARN_DEPRECATED_OBJC_IMPLEMENTATIONS = YES;
				CLANG_WARN_DIRECT_OBJC_ISA_USAGE = YES_ERROR;
				CLANG_WARN_DOCUMENTATION_COMMENTS = YES;
				CLANG_WARN_EMPTY_BODY = YES;
				CLANG_WARN_ENUM_CONVERSION = YES;
				CLANG_WARN_INFINITE_RECURSION = YES;
				CLANG_WARN_INT_CONVERSION = YES;
				CLANG_WARN_NON_LITERAL_NULL_CONVERSION = YES;
				CLANG_WARN_OBJC_IMPLICIT_RETAIN_SELF = YES;
				CLANG_WARN_OBJC_LITERAL_CONVERSION = YES;
				CLANG_WARN_OBJC_ROOT_CLASS = YES_ERROR;
				CLANG_WARN_QUOTED_INCLUDE_IN_FRAMEWORK_HEADER = YES;
				CLANG_WARN_RANGE_LOOP_ANALYSIS = YES;
				CLANG_WARN_STRICT_PROTOTYPES = YES;
				CLANG_WARN_SUSPICIOUS_MOVE = YES;
				CLANG_WARN_UNGUARDED_AVAILABILITY = YES_AGGRESSIVE;
				CLANG_WARN_UNREACHABLE_CODE = YES;
				CLANG_WARN__DUPLICATE_METHOD_MATCH = YES;
				COPY_PHASE_STRIP = NO;
				DEBUG_INFORMATION_FORMAT = dwarf;
				ENABLE_STRICT_OBJC_MSGSEND = YES;
				ENABLE_TESTABILITY = YES;
				GCC_C_LANGUAGE_STANDARD = gnu11;
				GCC_DYNAMIC_NO_PIC = NO;
				GCC_NO_COMMON_BLOCKS = YES;
				GCC_OPTIMIZATION_LEVEL = 0;
				GCC_PREPROCESSOR_DEFINITIONS = (
					"DEBUG=1",
					"$(inherited)",
				);
				GCC_WARN_64_TO_32_BIT_CONVERSION = YES;
				GCC_WARN_ABOUT_RETURN_TYPE = YES_ERROR;
				GCC_WARN_UNDECLARED_SELECTOR = YES;
				GCC_WARN_UNINITIALIZED_AUTOS = YES_AGGRESSIVE;
				GCC_WARN_UNUSED_FUNCTION = YES;
				GCC_WARN_UNUSED_VARIABLE = YES;
				IPHONEOS_DEPLOYMENT_TARGET = 15.0;
				MTL_ENABLE_DEBUG_INFO = INCLUDE_SOURCE;
				MTL_FAST_MATH = YES;
				ONLY_ACTIVE_ARCH = YES;
				SDKROOT = iphoneos;
				SWIFT_ACTIVE_COMPILATION_CONDITIONS = DEBUG;
				SWIFT_OPTIMIZATION_LEVEL = "-Onone";
			};
			name = Debug;
		};
		7C6850F0277170100050C3F1 /* Release */ = {
			isa = XCBuildConfiguration;
			buildSettings = {
				ALWAYS_SEARCH_USER_PATHS = NO;
				CLANG_ANALYZER_NONNULL = YES;
				CLANG_ANALYZER_NUMBER_OBJECT_CONVERSION = YES_AGGRESSIVE;
				CLANG_CXX_LANGUAGE_STANDARD = "gnu++17";
				CLANG_CXX_LIBRARY = "libc++";
				CLANG_ENABLE_MODULES = YES;
				CLANG_ENABLE_OBJC_ARC = YES;
				CLANG_ENABLE_OBJC_WEAK = YES;
				CLANG_WARN_BLOCK_CAPTURE_AUTORELEASING = YES;
				CLANG_WARN_BOOL_CONVERSION = YES;
				CLANG_WARN_COMMA = YES;
				CLANG_WARN_CONSTANT_CONVERSION = YES;
				CLANG_WARN_DEPRECATED_OBJC_IMPLEMENTATIONS = YES;
				CLANG_WARN_DIRECT_OBJC_ISA_USAGE = YES_ERROR;
				CLANG_WARN_DOCUMENTATION_COMMENTS = YES;
				CLANG_WARN_EMPTY_BODY = YES;
				CLANG_WARN_ENUM_CONVERSION = YES;
				CLANG_WARN_INFINITE_RECURSION = YES;
				CLANG_WARN_INT_CONVERSION = YES;
				CLANG_WARN_NON_LITERAL_NULL_CONVERSION = YES;
				CLANG_WARN_OBJC_IMPLICIT_RETAIN_SELF = YES;
				CLANG_WARN_OBJC_LITERAL_CONVERSION = YES;
				CLANG_WARN_OBJC_ROOT_CLASS = YES_ERROR;
				CLANG_WARN_QUOTED_INCLUDE_IN_FRAMEWORK_HEADER = YES;
				CLANG_WARN_RANGE_LOOP_ANALYSIS = YES;
				CLANG_WARN_STRICT_PROTOTYPES = YES;
				CLANG_WARN_SUSPICIOUS_MOVE = YES;
				CLANG_WARN_UNGUARDED_AVAILABILITY = YES_AGGRESSIVE;
				CLANG_WARN_UNREACHABLE_CODE = YES;
				CLANG_WARN__DUPLICATE_METHOD_MATCH = YES;
				COPY_PHASE_STRIP = NO;
				DEBUG_INFORMATION_FORMAT = "dwarf-with-dsym";
				ENABLE_NS_ASSERTIONS = NO;
				ENABLE_STRICT_OBJC_MSGSEND = YES;
				GCC_C_LANGUAGE_STANDARD = gnu11;
				GCC_NO_COMMON_BLOCKS = YES;
				GCC_WARN_64_TO_32_BIT_CONVERSION = YES;
				GCC_WARN_ABOUT_RETURN_TYPE = YES_ERROR;
				GCC_WARN_UNDECLARED_SELECTOR = YES;
				GCC_WARN_UNINITIALIZED_AUTOS = YES_AGGRESSIVE;
				GCC_WARN_UNUSED_FUNCTION = YES;
				GCC_WARN_UNUSED_VARIABLE = YES;
				IPHONEOS_DEPLOYMENT_TARGET = 15.0;
				MTL_ENABLE_DEBUG_INFO = NO;
				MTL_FAST_MATH = YES;
				SDKROOT = iphoneos;
				SWIFT_COMPILATION_MODE = wholemodule;
				SWIFT_OPTIMIZATION_LEVEL = "-O";
				VALIDATE_PRODUCT = YES;
			};
			name = Release;
		};
		7C6850F2277170100050C3F1 /* Debug */ = {
			isa = XCBuildConfiguration;
			buildSettings = {
				ASSETCATALOG_COMPILER_APPICON_NAME = AppIcon;
				ASSETCATALOG_COMPILER_GLOBAL_ACCENT_COLOR_NAME = AccentColor;
				CODE_SIGN_STYLE = Automatic;
				CURRENT_PROJECT_VERSION = 1;
				DEVELOPMENT_TEAM = 254S5DFDDX;
				GENERATE_INFOPLIST_FILE = YES;
				INFOPLIST_FILE = Album/Info.plist;
				INFOPLIST_KEY_UIApplicationSupportsIndirectInputEvents = YES;
				INFOPLIST_KEY_UILaunchStoryboardName = LaunchScreen;
				INFOPLIST_KEY_UIMainStoryboardFile = Main;
				INFOPLIST_KEY_UISupportedInterfaceOrientations_iPad = "UIInterfaceOrientationPortrait UIInterfaceOrientationPortraitUpsideDown UIInterfaceOrientationLandscapeLeft UIInterfaceOrientationLandscapeRight";
				INFOPLIST_KEY_UISupportedInterfaceOrientations_iPhone = "UIInterfaceOrientationPortrait UIInterfaceOrientationLandscapeLeft UIInterfaceOrientationLandscapeRight";
				LD_RUNPATH_SEARCH_PATHS = (
					"$(inherited)",
					"@executable_path/Frameworks",
				);
				MARKETING_VERSION = 1.0;
				PRODUCT_BUNDLE_IDENTIFIER = com.ios.app.Album;
				PRODUCT_NAME = "$(TARGET_NAME)";
				SWIFT_EMIT_LOC_STRINGS = YES;
				SWIFT_VERSION = 5.0;
				TARGETED_DEVICE_FAMILY = "1,2";
			};
			name = Debug;
		};
		7C6850F3277170100050C3F1 /* Release */ = {
			isa = XCBuildConfiguration;
			buildSettings = {
				ASSETCATALOG_COMPILER_APPICON_NAME = AppIcon;
				ASSETCATALOG_COMPILER_GLOBAL_ACCENT_COLOR_NAME = AccentColor;
				CODE_SIGN_STYLE = Automatic;
				CURRENT_PROJECT_VERSION = 1;
				DEVELOPMENT_TEAM = 254S5DFDDX;
				GENERATE_INFOPLIST_FILE = YES;
				INFOPLIST_FILE = Album/Info.plist;
				INFOPLIST_KEY_UIApplicationSupportsIndirectInputEvents = YES;
				INFOPLIST_KEY_UILaunchStoryboardName = LaunchScreen;
				INFOPLIST_KEY_UIMainStoryboardFile = Main;
				INFOPLIST_KEY_UISupportedInterfaceOrientations_iPad = "UIInterfaceOrientationPortrait UIInterfaceOrientationPortraitUpsideDown UIInterfaceOrientationLandscapeLeft UIInterfaceOrientationLandscapeRight";
				INFOPLIST_KEY_UISupportedInterfaceOrientations_iPhone = "UIInterfaceOrientationPortrait UIInterfaceOrientationLandscapeLeft UIInterfaceOrientationLandscapeRight";
				LD_RUNPATH_SEARCH_PATHS = (
					"$(inherited)",
					"@executable_path/Frameworks",
				);
				MARKETING_VERSION = 1.0;
				PRODUCT_BUNDLE_IDENTIFIER = com.ios.app.Album;
				PRODUCT_NAME = "$(TARGET_NAME)";
				SWIFT_EMIT_LOC_STRINGS = YES;
				SWIFT_VERSION = 5.0;
				TARGETED_DEVICE_FAMILY = "1,2";
			};
			name = Release;
		};
/* End XCBuildConfiguration section */

/* Begin XCConfigurationList section */
		7C6850D8277170010050C3F1 /* Build configuration list for PBXProject "Album" */ = {
			isa = XCConfigurationList;
			buildConfigurations = (
				7C6850EF277170100050C3F1 /* Debug */,
				7C6850F0277170100050C3F1 /* Release */,
			);
			defaultConfigurationIsVisible = 0;
			defaultConfigurationName = Release;
		};
		7C6850F1277170100050C3F1 /* Build configuration list for PBXNativeTarget "Album" */ = {
			isa = XCConfigurationList;
			buildConfigurations = (
				7C6850F2277170100050C3F1 /* Debug */,
				7C6850F3277170100050C3F1 /* Release */,
			);
			defaultConfigurationIsVisible = 0;
			defaultConfigurationName = Release;
		};
/* End XCConfigurationList section */
	};
	rootObject = 7C6850D5277170010050C3F1 /* Project object */;
}
